
Microsoft Visual Studio Solution File, Format Version 12.00
# Visual Studio Version 17
VisualStudioVersion = 17.9.34728.123
MinimumVisualStudioVersion = 10.0.40219.1
Project("{8BC9CEB8-8B4A-11D0-8D11-00A0C91BC942}") = "WindowsDevelopment", "WindowsDevelopment\WindowsDevelopment.vcxproj", "{74F4B508-F045-496A-AB8E-FE3CAD2D47BD}"
EndProject
Project("{8BC9CEB8-8B4A-11D0-8D11-00A0C91BC942}") = "test", "test\test.vcxproj", "{FE215450-D822-4BA2-8BC3-651BC2861663}"
EndProject
Project("{8BC9CEB8-8B4A-11D0-8D11-00A0C91BC942}") = "ComboBox", "ComboBox\ComboBox.vcxproj", "{13A13324-4BC9-4BE0-A438-ABDD8434949C}"
EndProject
Global
	GlobalSection(SolutionConfigurationPlatforms) = preSolution
		Debug|x64 = Debug|x64
		Debug|x86 = Debug|x86
		Release|x64 = Release|x64
		Release|x86 = Release|x86
	EndGlobalSection
	GlobalSection(ProjectConfigurationPlatforms) = postSolution
		{74F4B508-F045-496A-AB8E-FE3CAD2D47BD}.Debug|x64.ActiveCfg = Debug|x64
		{74F4B508-F045-496A-AB8E-FE3CAD2D47BD}.Debug|x64.Build.0 = Debug|x64
		{74F4B508-F045-496A-AB8E-FE3CAD2D47BD}.Debug|x86.ActiveCfg = Debug|Win32
		{74F4B508-F045-496A-AB8E-FE3CAD2D47BD}.Debug|x86.Build.0 = Debug|Win32
		{74F4B508-F045-496A-AB8E-FE3CAD2D47BD}.Release|x64.ActiveCfg = Release|x64
		{74F4B508-F045-496A-AB8E-FE3CAD2D47BD}.Release|x64.Build.0 = Release|x64
		{74F4B508-F045-496A-AB8E-FE3CAD2D47BD}.Release|x86.ActiveCfg = Release|Win32
		{74F4B508-F045-496A-AB8E-FE3CAD2D47BD}.Release|x86.Build.0 = Release|Win32
		{FE215450-D822-4BA2-8BC3-651BC2861663}.Debug|x64.ActiveCfg = Debug|x64
		{FE215450-D822-4BA2-8BC3-651BC2861663}.Debug|x64.Build.0 = Debug|x64
		{FE215450-D822-4BA2-8BC3-651BC2861663}.Debug|x86.ActiveCfg = Debug|Win32
		{FE215450-D822-4BA2-8BC3-651BC2861663}.Debug|x86.Build.0 = Debug|Win32
		{FE215450-D822-4BA2-8BC3-651BC2861663}.Release|x64.ActiveCfg = Release|x64
		{FE215450-D822-4BA2-8BC3-651BC2861663}.Release|x64.Build.0 = Release|x64
		{FE215450-D822-4BA2-8BC3-651BC2861663}.Release|x86.ActiveCfg = Release|Win32
		{FE215450-D822-4BA2-8BC3-651BC2861663}.Release|x86.Build.0 = Release|Win32
		{13A13324-4BC9-4BE0-A438-ABDD8434949C}.Debug|x64.ActiveCfg = Debug|x64
		{13A13324-4BC9-4BE0-A438-ABDD8434949C}.Debug|x64.Build.0 = Debug|x64
		{13A13324-4BC9-4BE0-A438-ABDD8434949C}.Debug|x86.ActiveCfg = Debug|Win32
		{13A13324-4BC9-4BE0-A438-ABDD8434949C}.Debug|x86.Build.0 = Debug|Win32
		{13A13324-4BC9-4BE0-A438-ABDD8434949C}.Release|x64.ActiveCfg = Release|x64
		{13A13324-4BC9-4BE0-A438-ABDD8434949C}.Release|x64.Build.0 = Release|x64
		{13A13324-4BC9-4BE0-A438-ABDD8434949C}.Release|x86.ActiveCfg = Release|Win32
		{13A13324-4BC9-4BE0-A438-ABDD8434949C}.Release|x86.Build.0 = Release|Win32
	EndGlobalSection
	GlobalSection(SolutionProperties) = preSolution
		HideSolutionNode = FALSE
	EndGlobalSection
	GlobalSection(ExtensibilityGlobals) = postSolution
		SolutionGuid = {AC659CD8-10B1-4298-8E5F-0675E865ECC8}
	EndGlobalSection
EndGlobal
